
Microsoft Visual Studio Solution File, Format Version 12.00
# Visual Studio Version 16
VisualStudioVersion = 16.0.31105.61
MinimumVisualStudioVersion = 10.0.40219.1
Project("{FAE04EC0-301F-11D3-BF4B-00C04F79EFBC}") = "WindowsFormsAppKTCC", "WindowsFormsAppKTCC\WindowsFormsAppKTCC.csproj", "{DDBA2450-595C-4F7E-BAAA-165E1550C14E}"
EndProject
Global
	GlobalSection(SolutionConfigurationPlatforms) = preSolution
		Debug|Any CPU = Debug|Any CPU
		Release|Any CPU = Release|Any CPU
	EndGlobalSection
	GlobalSection(ProjectConfigurationPlatforms) = postSolution
		{DDBA2450-595C-4F7E-BAAA-165E1550C14E}.Debug|Any CPU.ActiveCfg = Debug|Any CPU
		{DDBA2450-595C-4F7E-BAAA-165E1550C14E}.Debug|Any CPU.Build.0 = Debug|Any CPU
		{DDBA2450-595C-4F7E-BAAA-165E1550C14E}.Release|Any CPU.ActiveCfg = Release|Any CPU
		{DDBA2450-595C-4F7E-BAAA-165E1550C14E}.Release|Any CPU.Build.0 = Release|Any CPU
	EndGlobalSection
	GlobalSection(SolutionProperties) = preSolution
		HideSolutionNode = FALSE
	EndGlobalSection
	GlobalSection(ExtensibilityGlobals) = postSolution
		SolutionGuid = {A093BD2A-BB09-4969-A8CF-BC4E09DE5A12}
	EndGlobalSection
EndGlobal
